
Microsoft Visual Studio Solution File, Format Version 12.00
# Visual Studio Version 16
VisualStudioVersion = 16.0.34031.81
MinimumVisualStudioVersion = 10.0.40219.1
Project("{FAE04EC0-301F-11D3-BF4B-00C04F79EFBC}") = "DeutchLearn", "DeutchLearn\DeutchLearn.csproj", "{835BA3E6-9532-43EB-AAF8-5655B0448A5F}"
EndProject
Global
	GlobalSection(SolutionConfigurationPlatforms) = preSolution
		Debug|Any CPU = Debug|Any CPU
		Release|Any CPU = Release|Any CPU
	EndGlobalSection
	GlobalSection(ProjectConfigurationPlatforms) = postSolution
		{835BA3E6-9532-43EB-AAF8-5655B0448A5F}.Debug|Any CPU.ActiveCfg = Debug|Any CPU
		{835BA3E6-9532-43EB-AAF8-5655B0448A5F}.Debug|Any CPU.Build.0 = Debug|Any CPU
		{835BA3E6-9532-43EB-AAF8-5655B0448A5F}.Release|Any CPU.ActiveCfg = Release|Any CPU
		{835BA3E6-9532-43EB-AAF8-5655B0448A5F}.Release|Any CPU.Build.0 = Release|Any CPU
	EndGlobalSection
	GlobalSection(SolutionProperties) = preSolution
		HideSolutionNode = FALSE
	EndGlobalSection
	GlobalSection(ExtensibilityGlobals) = postSolution
		SolutionGuid = {85454754-223C-4439-AF6F-153423A39F68}
	EndGlobalSection
EndGlobal
